
Microsoft Visual Studio Solution File, Format Version 12.00
# Visual Studio Version 17
VisualStudioVersion = 17.13.35825.156 d17.13
MinimumVisualStudioVersion = 10.0.40219.1
Project("{FAE04EC0-301F-11D3-BF4B-00C04F79EFBC}") = "API", "API\API.csproj", "{1C623315-CF75-4DA7-9B14-41997F1AFA00}"
EndProject
Project("{FAE04EC0-301F-11D3-BF4B-00C04F79EFBC}") = "BL", "BL\BL.csproj", "{65C14697-17F9-4E12-AF5C-11657A7209D6}"
EndProject
Project("{FAE04EC0-301F-11D3-BF4B-00C04F79EFBC}") = "DAL", "DAL\DAL.csproj", "{0592BC9C-7ECC-4AF4-8C9B-C71A2A32635A}"
EndProject
Project("{FAE04EC0-301F-11D3-BF4B-00C04F79EFBC}") = "Entities", "Entities\Entities.csproj", "{4A4C7D07-E74B-4DCD-80F6-D7ED19027558}"
EndProject
Project("{FAE04EC0-301F-11D3-BF4B-00C04F79EFBC}") = "IDAL", "IDAL\IDAL.csproj", "{8C66781F-3851-4735-ACA2-C1275E18D89D}"
EndProject
Project("{FAE04EC0-301F-11D3-BF4B-00C04F79EFBC}") = "DTO", "DTO\DTO.csproj", "{C02057EF-081C-4CC8-AEBF-A84FE221FCA9}"
EndProject
Project("{FAE04EC0-301F-11D3-BF4B-00C04F79EFBC}") = "IBL", "IBL\IBL.csproj", "{062C2BA1-BEEE-4A04-A8D1-ACAB253F14BC}"
EndProject
Global
	GlobalSection(SolutionConfigurationPlatforms) = preSolution
		Debug|Any CPU = Debug|Any CPU
		Release|Any CPU = Release|Any CPU
	EndGlobalSection
	GlobalSection(ProjectConfigurationPlatforms) = postSolution
		{1C623315-CF75-4DA7-9B14-41997F1AFA00}.Debug|Any CPU.ActiveCfg = Debug|Any CPU
		{1C623315-CF75-4DA7-9B14-41997F1AFA00}.Debug|Any CPU.Build.0 = Debug|Any CPU
		{1C623315-CF75-4DA7-9B14-41997F1AFA00}.Release|Any CPU.ActiveCfg = Release|Any CPU
		{1C623315-CF75-4DA7-9B14-41997F1AFA00}.Release|Any CPU.Build.0 = Release|Any CPU
		{65C14697-17F9-4E12-AF5C-11657A7209D6}.Debug|Any CPU.ActiveCfg = Debug|Any CPU
		{65C14697-17F9-4E12-AF5C-11657A7209D6}.Debug|Any CPU.Build.0 = Debug|Any CPU
		{65C14697-17F9-4E12-AF5C-11657A7209D6}.Release|Any CPU.ActiveCfg = Release|Any CPU
		{65C14697-17F9-4E12-AF5C-11657A7209D6}.Release|Any CPU.Build.0 = Release|Any CPU
		{0592BC9C-7ECC-4AF4-8C9B-C71A2A32635A}.Debug|Any CPU.ActiveCfg = Debug|Any CPU
		{0592BC9C-7ECC-4AF4-8C9B-C71A2A32635A}.Debug|Any CPU.Build.0 = Debug|Any CPU
		{0592BC9C-7ECC-4AF4-8C9B-C71A2A32635A}.Release|Any CPU.ActiveCfg = Release|Any CPU
		{0592BC9C-7ECC-4AF4-8C9B-C71A2A32635A}.Release|Any CPU.Build.0 = Release|Any CPU
		{4A4C7D07-E74B-4DCD-80F6-D7ED19027558}.Debug|Any CPU.ActiveCfg = Debug|Any CPU
		{4A4C7D07-E74B-4DCD-80F6-D7ED19027558}.Debug|Any CPU.Build.0 = Debug|Any CPU
		{4A4C7D07-E74B-4DCD-80F6-D7ED19027558}.Release|Any CPU.ActiveCfg = Release|Any CPU
		{4A4C7D07-E74B-4DCD-80F6-D7ED19027558}.Release|Any CPU.Build.0 = Release|Any CPU
		{8C66781F-3851-4735-ACA2-C1275E18D89D}.Debug|Any CPU.ActiveCfg = Debug|Any CPU
		{8C66781F-3851-4735-ACA2-C1275E18D89D}.Debug|Any CPU.Build.0 = Debug|Any CPU
		{8C66781F-3851-4735-ACA2-C1275E18D89D}.Release|Any CPU.ActiveCfg = Release|Any CPU
		{8C66781F-3851-4735-ACA2-C1275E18D89D}.Release|Any CPU.Build.0 = Release|Any CPU
		{C02057EF-081C-4CC8-AEBF-A84FE221FCA9}.Debug|Any CPU.ActiveCfg = Debug|Any CPU
		{C02057EF-081C-4CC8-AEBF-A84FE221FCA9}.Debug|Any CPU.Build.0 = Debug|Any CPU
		{C02057EF-081C-4CC8-AEBF-A84FE221FCA9}.Release|Any CPU.ActiveCfg = Release|Any CPU
		{C02057EF-081C-4CC8-AEBF-A84FE221FCA9}.Release|Any CPU.Build.0 = Release|Any CPU
		{062C2BA1-BEEE-4A04-A8D1-ACAB253F14BC}.Debug|Any CPU.ActiveCfg = Debug|Any CPU
		{062C2BA1-BEEE-4A04-A8D1-ACAB253F14BC}.Debug|Any CPU.Build.0 = Debug|Any CPU
		{062C2BA1-BEEE-4A04-A8D1-ACAB253F14BC}.Release|Any CPU.ActiveCfg = Release|Any CPU
		{062C2BA1-BEEE-4A04-A8D1-ACAB253F14BC}.Release|Any CPU.Build.0 = Release|Any CPU
	EndGlobalSection
	GlobalSection(SolutionProperties) = preSolution
		HideSolutionNode = FALSE
	EndGlobalSection
	GlobalSection(ExtensibilityGlobals) = postSolution
		SolutionGuid = {FB402972-27C2-4111-ABFC-73627CEB303D}
	EndGlobalSection
EndGlobal
